{
	"name": "horrific-chess",
	"version": "0.0.1",
	"lockfileVersion": 2,
	"requires": true,
	"packages": {
		"": {
			"name": "horrific-chess",
			"version": "0.0.1",
			"license": "ISC",
			"dependencies": {
				"@types/node": "^17.0.33",
				"node-stockfish": "file:node-stockfish-0.1.1.tgz"
			}
		},
		"node_modules/@types/node": {
			"version": "17.0.33",
			"resolved": "https://registry.npmjs.org/@types/node/-/node-17.0.33.tgz",
			"integrity": "sha512-miWq2m2FiQZmaHfdZNcbpp9PuXg34W5JZ5CrJ/BaS70VuhoJENBEQybeiYSaPBRNq6KQGnjfEnc/F3PN++D+XQ=="
		},
		"node_modules/node-stockfish": {
			"version": "0.1.1",
			"resolved": "file:node-stockfish-0.1.1.tgz",
			"integrity": "sha512-mP/m9TmXdt4fW27Ty9yOG+TYqtl1jCMi4pVf4ZqbnhnT+nJf9mUtl4y1gTsvKf9F+P4saamMHFrw24qGd8XkZw==",
			"hasInstallScript": true,
			"license": "ISC",
			"dependencies": {
				"@types/node": "^17.0.33"
			}
		}
	},
	"dependencies": {
		"@types/node": {
			"version": "17.0.33",
			"resolved": "https://registry.npmjs.org/@types/node/-/node-17.0.33.tgz",
			"integrity": "sha512-miWq2m2FiQZmaHfdZNcbpp9PuXg34W5JZ5CrJ/BaS70VuhoJENBEQybeiYSaPBRNq6KQGnjfEnc/F3PN++D+XQ=="
		},
		"node-stockfish": {
			"version": "file:node-stockfish-0.1.1.tgz",
			"integrity": "sha512-mP/m9TmXdt4fW27Ty9yOG+TYqtl1jCMi4pVf4ZqbnhnT+nJf9mUtl4y1gTsvKf9F+P4saamMHFrw24qGd8XkZw==",
			"requires": {
				"@types/node": "^17.0.33"
			}
		}
	}
}
